
Microsoft Visual Studio Solution File, Format Version 12.00
# Visual Studio 14
VisualStudioVersion = 14.0.24720.0
MinimumVisualStudioVersion = 10.0.40219.1
Project("{2150E333-8FDC-42A3-9474-1A3956D46DE8}") = "Engine", "Engine", "{45A74DD3-5237-4AD6-8DD3-1B9AE4692CE2}"
EndProject
Project("{2150E333-8FDC-42A3-9474-1A3956D46DE8}") = "Game", "Game", "{AA7FF5B2-9A86-4FB2-BE21-20FF77F43ACE}"
EndProject
Project("{2150E333-8FDC-42A3-9474-1A3956D46DE8}") = "Tools", "Tools", "{780242E9-8A4D-459F-AB78-8896682DB2FE}"
EndProject
Project("{8BC9CEB8-8B4A-11D0-8D11-00A0C91BC942}") = "AssetBuilder", "Code\Tools\AssetBuilder\AssetBuilder.vcxproj", "{ABF804FE-993A-43E2-A242-F3090A290B12}"
	ProjectSection(ProjectDependencies) = postProject
		{5F8004A7-75AD-49AC-85C7-96D9B9F19533} = {5F8004A7-75AD-49AC-85C7-96D9B9F19533}
		{D76FAEE2-0B67-493B-B494-2C5FB20AA14C} = {D76FAEE2-0B67-493B-B494-2C5FB20AA14C}
		{45CDCFF0-7F57-457F-9706-C3C15E7EA597} = {45CDCFF0-7F57-457F-9706-C3C15E7EA597}
	EndProjectSection
EndProject
Project("{8BC9CEB8-8B4A-11D0-8D11-00A0C91BC942}") = "BuildAssets", "Code\Game\BuildAssets\BuildAssets.vcxproj", "{3670C64E-AAA0-4056-BF89-744D0276F609}"
	ProjectSection(ProjectDependencies) = postProject
		{F2A9C830-50D2-4D50-B8DF-BC80C8F19BBC} = {F2A9C830-50D2-4D50-B8DF-BC80C8F19BBC}
		{C34A946C-CF1D-481D-957C-6F6F47C371AE} = {C34A946C-CF1D-481D-957C-6F6F47C371AE}
		{EC809270-CE46-4204-A0F7-F88A6A4732E9} = {EC809270-CE46-4204-A0F7-F88A6A4732E9}
		{C9BDAC7C-C59A-4367-A21D-0FEDABB93012} = {C9BDAC7C-C59A-4367-A21D-0FEDABB93012}
		{DE18299E-57DD-420A-9219-31BCCE5A5BC0} = {DE18299E-57DD-420A-9219-31BCCE5A5BC0}
		{23700FFB-D869-485A-9E50-C5E91D56F0C5} = {23700FFB-D869-485A-9E50-C5E91D56F0C5}
		{ABF804FE-993A-43E2-A242-F3090A290B12} = {ABF804FE-993A-43E2-A242-F3090A290B12}
	EndProjectSection
EndProject
Project("{8BC9CEB8-8B4A-11D0-8D11-00A0C91BC942}") = "Game", "Code\Game\Game\Game.vcxproj", "{86E57B4C-6BB4-4F1D-A8EE-F5E9E202A415}"
	ProjectSection(ProjectDependencies) = postProject
		{06F00F02-D352-44A1-B42B-B5C2CEB2567A} = {06F00F02-D352-44A1-B42B-B5C2CEB2567A}
		{552B2876-037A-4A14-8E5B-D73907DF5322} = {552B2876-037A-4A14-8E5B-D73907DF5322}
		{4118D0C9-F093-4215-A90F-CAED708C1989} = {4118D0C9-F093-4215-A90F-CAED708C1989}
		{136761E4-C684-4AFF-BF27-E946FCF006A1} = {136761E4-C684-4AFF-BF27-E946FCF006A1}
	EndProjectSection
EndProject
Project("{8BC9CEB8-8B4A-11D0-8D11-00A0C91BC942}") = "Graphics", "Code\Engine\Graphics\Graphics.vcxproj", "{4118D0C9-F093-4215-A90F-CAED708C1989}"
	ProjectSection(ProjectDependencies) = postProject
		{06F00F02-D352-44A1-B42B-B5C2CEB2567A} = {06F00F02-D352-44A1-B42B-B5C2CEB2567A}
		{B6BC0082-C4EF-4B54-9247-6C5FF414FF2A} = {B6BC0082-C4EF-4B54-9247-6C5FF414FF2A}
		{C64DA4D1-260F-4A2E-A575-773930EC83FF} = {C64DA4D1-260F-4A2E-A575-773930EC83FF}
	EndProjectSection
EndProject
Project("{8BC9CEB8-8B4A-11D0-8D11-00A0C91BC942}") = "Windows", "Code\Engine\Windows\Windows.vcxproj", "{D76FAEE2-0B67-493B-B494-2C5FB20AA14C}"
EndProject
Project("{2150E333-8FDC-42A3-9474-1A3956D46DE8}") = "External", "External", "{AA2F2595-10B7-4B01-9FA7-4CE3FE3CBE68}"
EndProject
Project("{8BC9CEB8-8B4A-11D0-8D11-00A0C91BC942}") = "OpenGlExtensions", "Code\External\OpenGlExtensions\OpenGlExtensions.vcxproj", "{B6BC0082-C4EF-4B54-9247-6C5FF414FF2A}"
	ProjectSection(ProjectDependencies) = postProject
		{D76FAEE2-0B67-493B-B494-2C5FB20AA14C} = {D76FAEE2-0B67-493B-B494-2C5FB20AA14C}
	EndProjectSection
EndProject
Project("{8BC9CEB8-8B4A-11D0-8D11-00A0C91BC942}") = "UserOutput", "Code\Engine\UserOutput\UserOutput.vcxproj", "{C64DA4D1-260F-4A2E-A575-773930EC83FF}"
	ProjectSection(ProjectDependencies) = postProject
		{D76FAEE2-0B67-493B-B494-2C5FB20AA14C} = {D76FAEE2-0B67-493B-B494-2C5FB20AA14C}
	EndProjectSection
EndProject
Project("{2150E333-8FDC-42A3-9474-1A3956D46DE8}") = "Lua", "Lua", "{C2C001F0-B68B-470A-A20E-C7723B2F0114}"
EndProject
Project("{8BC9CEB8-8B4A-11D0-8D11-00A0C91BC942}") = "Lua", "Code\External\Lua\Lua.vcxproj", "{45CDCFF0-7F57-457F-9706-C3C15E7EA597}"
EndProject
Project("{8BC9CEB8-8B4A-11D0-8D11-00A0C91BC942}") = "LuaC", "Code\External\Lua\LuaC.vcxproj", "{393119AF-5F33-4130-9BE8-8A59EEBED07E}"
	ProjectSection(ProjectDependencies) = postProject
		{45CDCFF0-7F57-457F-9706-C3C15E7EA597} = {45CDCFF0-7F57-457F-9706-C3C15E7EA597}
	EndProjectSection
EndProject
Project("{8BC9CEB8-8B4A-11D0-8D11-00A0C91BC942}") = "LuaExe", "Code\External\Lua\LuaExe.vcxproj", "{9653A255-0309-403F-9193-DE569343011F}"
	ProjectSection(ProjectDependencies) = postProject
		{45CDCFF0-7F57-457F-9706-C3C15E7EA597} = {45CDCFF0-7F57-457F-9706-C3C15E7EA597}
	EndProjectSection
EndProject
Project("{2150E333-8FDC-42A3-9474-1A3956D46DE8}") = "Scripts", "Scripts", "{091FB16A-C591-46F8-A3D3-2EC5A8438D4D}"
	ProjectSection(SolutionItems) = preProject
		Scripts\AssetsToBuild.lua = Scripts\AssetsToBuild.lua
		Scripts\BuildAssets.lua = Scripts\BuildAssets.lua
	EndProjectSection
EndProject
Project("{8BC9CEB8-8B4A-11D0-8D11-00A0C91BC942}") = "BuilderHelper", "Code\Tools\BuilderHelper\BuilderHelper.vcxproj", "{5F8004A7-75AD-49AC-85C7-96D9B9F19533}"
EndProject
Project("{8BC9CEB8-8B4A-11D0-8D11-00A0C91BC942}") = "GenericBuilder", "Code\Tools\GenericBuilder\GenericBuilder.vcxproj", "{C9BDAC7C-C59A-4367-A21D-0FEDABB93012}"
	ProjectSection(ProjectDependencies) = postProject
		{5F8004A7-75AD-49AC-85C7-96D9B9F19533} = {5F8004A7-75AD-49AC-85C7-96D9B9F19533}
	EndProjectSection
EndProject
Project("{8BC9CEB8-8B4A-11D0-8D11-00A0C91BC942}") = "MeshBuilder", "Code\Tools\MeshBuilder\MeshBuilder.vcxproj", "{F2A9C830-50D2-4D50-B8DF-BC80C8F19BBC}"
	ProjectSection(ProjectDependencies) = postProject
		{5F8004A7-75AD-49AC-85C7-96D9B9F19533} = {5F8004A7-75AD-49AC-85C7-96D9B9F19533}
		{45CDCFF0-7F57-457F-9706-C3C15E7EA597} = {45CDCFF0-7F57-457F-9706-C3C15E7EA597}
	EndProjectSection
EndProject
Project("{2150E333-8FDC-42A3-9474-1A3956D46DE8}") = "Core", "Core", "{6900D6FF-B904-46AA-BF20-8386872240D6}"
EndProject
Project("{8BC9CEB8-8B4A-11D0-8D11-00A0C91BC942}") = "Math", "Code\Engine\Core\Math\Math.vcxproj", "{06F00F02-D352-44A1-B42B-B5C2CEB2567A}"
EndProject
Project("{8BC9CEB8-8B4A-11D0-8D11-00A0C91BC942}") = "Time", "Code\Engine\Core\Time\Time.vcxproj", "{136761E4-C684-4AFF-BF27-E946FCF006A1}"
	ProjectSection(ProjectDependencies) = postProject
		{D76FAEE2-0B67-493B-B494-2C5FB20AA14C} = {D76FAEE2-0B67-493B-B494-2C5FB20AA14C}
	EndProjectSection
EndProject
Project("{8BC9CEB8-8B4A-11D0-8D11-00A0C91BC942}") = "UserInput", "Code\Engine\Core\UserInput\UserInput.vcxproj", "{552B2876-037A-4A14-8E5B-D73907DF5322}"
EndProject
Project("{8BC9CEB8-8B4A-11D0-8D11-00A0C91BC942}") = "Entity", "Code\Engine\Core\Entity\Entity.vcxproj", "{3483BCE9-B82C-469A-A530-C2A452E914B5}"
EndProject
Project("{8BC9CEB8-8B4A-11D0-8D11-00A0C91BC942}") = "Component", "Code\Engine\Core\Component\Component.vcxproj", "{F162A9A9-D400-4340-B73A-69F3D0F490BA}"
EndProject
Project("{8BC9CEB8-8B4A-11D0-8D11-00A0C91BC942}") = "EffectBuilder", "Code\Tools\EffectBuilder\EffectBuilder.vcxproj", "{23700FFB-D869-485A-9E50-C5E91D56F0C5}"
	ProjectSection(ProjectDependencies) = postProject
		{5F8004A7-75AD-49AC-85C7-96D9B9F19533} = {5F8004A7-75AD-49AC-85C7-96D9B9F19533}
		{45CDCFF0-7F57-457F-9706-C3C15E7EA597} = {45CDCFF0-7F57-457F-9706-C3C15E7EA597}
	EndProjectSection
EndProject
Project("{8BC9CEB8-8B4A-11D0-8D11-00A0C91BC942}") = "Mcpp", "Code\External\Mcpp\Mcpp.vcxproj", "{4228BC52-904F-4BA2-B78E-7BCB85068A82}"
EndProject
Project("{8BC9CEB8-8B4A-11D0-8D11-00A0C91BC942}") = "ShaderBuilder", "Code\Tools\ShaderBuilder\ShaderBuilder.vcxproj", "{EC809270-CE46-4204-A0F7-F88A6A4732E9}"
	ProjectSection(ProjectDependencies) = postProject
		{4228BC52-904F-4BA2-B78E-7BCB85068A82} = {4228BC52-904F-4BA2-B78E-7BCB85068A82}
		{5F8004A7-75AD-49AC-85C7-96D9B9F19533} = {5F8004A7-75AD-49AC-85C7-96D9B9F19533}
		{D76FAEE2-0B67-493B-B494-2C5FB20AA14C} = {D76FAEE2-0B67-493B-B494-2C5FB20AA14C}
	EndProjectSection
EndProject
Project("{8BC9CEB8-8B4A-11D0-8D11-00A0C91BC942}") = "MayaMeshExporter", "Code\Tools\MayaMeshExporter\MayaMeshExporter.vcxproj", "{70B81970-5665-4429-B2B2-7F6FCED5AB84}"
	ProjectSection(ProjectDependencies) = postProject
		{D76FAEE2-0B67-493B-B494-2C5FB20AA14C} = {D76FAEE2-0B67-493B-B494-2C5FB20AA14C}
	EndProjectSection
EndProject
Project("{8BC9CEB8-8B4A-11D0-8D11-00A0C91BC942}") = "MaterialBuilder", "Code\Tools\MaterialBuilder\MaterialBuilder.vcxproj", "{C34A946C-CF1D-481D-957C-6F6F47C371AE}"
	ProjectSection(ProjectDependencies) = postProject
		{5F8004A7-75AD-49AC-85C7-96D9B9F19533} = {5F8004A7-75AD-49AC-85C7-96D9B9F19533}
		{D76FAEE2-0B67-493B-B494-2C5FB20AA14C} = {D76FAEE2-0B67-493B-B494-2C5FB20AA14C}
		{45CDCFF0-7F57-457F-9706-C3C15E7EA597} = {45CDCFF0-7F57-457F-9706-C3C15E7EA597}
	EndProjectSection
EndProject
Project("{8BC9CEB8-8B4A-11D0-8D11-00A0C91BC942}") = "TextureBuilder", "Code\Tools\TextureBuilder\TextureBuilder.vcxproj", "{DE18299E-57DD-420A-9219-31BCCE5A5BC0}"
	ProjectSection(ProjectDependencies) = postProject
		{5F8004A7-75AD-49AC-85C7-96D9B9F19533} = {5F8004A7-75AD-49AC-85C7-96D9B9F19533}
	EndProjectSection
EndProject
Global
	GlobalSection(SolutionConfigurationPlatforms) = preSolution
		Debug|Direct3D_64 = Debug|Direct3D_64
		Debug|OpenGL_32 = Debug|OpenGL_32
		Release|Direct3D_64 = Release|Direct3D_64
		Release|OpenGL_32 = Release|OpenGL_32
	EndGlobalSection
	GlobalSection(ProjectConfigurationPlatforms) = postSolution
		{ABF804FE-993A-43E2-A242-F3090A290B12}.Debug|Direct3D_64.ActiveCfg = Debug|x64
		{ABF804FE-993A-43E2-A242-F3090A290B12}.Debug|Direct3D_64.Build.0 = Debug|x64
		{ABF804FE-993A-43E2-A242-F3090A290B12}.Debug|OpenGL_32.ActiveCfg = Debug|Win32
		{ABF804FE-993A-43E2-A242-F3090A290B12}.Debug|OpenGL_32.Build.0 = Debug|Win32
		{ABF804FE-993A-43E2-A242-F3090A290B12}.Release|Direct3D_64.ActiveCfg = Release|x64
		{ABF804FE-993A-43E2-A242-F3090A290B12}.Release|Direct3D_64.Build.0 = Release|x64
		{ABF804FE-993A-43E2-A242-F3090A290B12}.Release|OpenGL_32.ActiveCfg = Release|Win32
		{ABF804FE-993A-43E2-A242-F3090A290B12}.Release|OpenGL_32.Build.0 = Release|Win32
		{3670C64E-AAA0-4056-BF89-744D0276F609}.Debug|Direct3D_64.ActiveCfg = Debug|x64
		{3670C64E-AAA0-4056-BF89-744D0276F609}.Debug|Direct3D_64.Build.0 = Debug|x64
		{3670C64E-AAA0-4056-BF89-744D0276F609}.Debug|OpenGL_32.ActiveCfg = Debug|Win32
		{3670C64E-AAA0-4056-BF89-744D0276F609}.Debug|OpenGL_32.Build.0 = Debug|Win32
		{3670C64E-AAA0-4056-BF89-744D0276F609}.Release|Direct3D_64.ActiveCfg = Release|x64
		{3670C64E-AAA0-4056-BF89-744D0276F609}.Release|Direct3D_64.Build.0 = Release|x64
		{3670C64E-AAA0-4056-BF89-744D0276F609}.Release|OpenGL_32.ActiveCfg = Release|Win32
		{3670C64E-AAA0-4056-BF89-744D0276F609}.Release|OpenGL_32.Build.0 = Release|Win32
		{86E57B4C-6BB4-4F1D-A8EE-F5E9E202A415}.Debug|Direct3D_64.ActiveCfg = Debug|x64
		{86E57B4C-6BB4-4F1D-A8EE-F5E9E202A415}.Debug|Direct3D_64.Build.0 = Debug|x64
		{86E57B4C-6BB4-4F1D-A8EE-F5E9E202A415}.Debug|OpenGL_32.ActiveCfg = Debug|Win32
		{86E57B4C-6BB4-4F1D-A8EE-F5E9E202A415}.Debug|OpenGL_32.Build.0 = Debug|Win32
		{86E57B4C-6BB4-4F1D-A8EE-F5E9E202A415}.Release|Direct3D_64.ActiveCfg = Release|x64
		{86E57B4C-6BB4-4F1D-A8EE-F5E9E202A415}.Release|Direct3D_64.Build.0 = Release|x64
		{86E57B4C-6BB4-4F1D-A8EE-F5E9E202A415}.Release|OpenGL_32.ActiveCfg = Release|Win32
		{86E57B4C-6BB4-4F1D-A8EE-F5E9E202A415}.Release|OpenGL_32.Build.0 = Release|Win32
		{4118D0C9-F093-4215-A90F-CAED708C1989}.Debug|Direct3D_64.ActiveCfg = Debug|x64
		{4118D0C9-F093-4215-A90F-CAED708C1989}.Debug|Direct3D_64.Build.0 = Debug|x64
		{4118D0C9-F093-4215-A90F-CAED708C1989}.Debug|OpenGL_32.ActiveCfg = Debug|Win32
		{4118D0C9-F093-4215-A90F-CAED708C1989}.Debug|OpenGL_32.Build.0 = Debug|Win32
		{4118D0C9-F093-4215-A90F-CAED708C1989}.Release|Direct3D_64.ActiveCfg = Release|x64
		{4118D0C9-F093-4215-A90F-CAED708C1989}.Release|Direct3D_64.Build.0 = Release|x64
		{4118D0C9-F093-4215-A90F-CAED708C1989}.Release|OpenGL_32.ActiveCfg = Release|Win32
		{4118D0C9-F093-4215-A90F-CAED708C1989}.Release|OpenGL_32.Build.0 = Release|Win32
		{D76FAEE2-0B67-493B-B494-2C5FB20AA14C}.Debug|Direct3D_64.ActiveCfg = Debug|x64
		{D76FAEE2-0B67-493B-B494-2C5FB20AA14C}.Debug|Direct3D_64.Build.0 = Debug|x64
		{D76FAEE2-0B67-493B-B494-2C5FB20AA14C}.Debug|OpenGL_32.ActiveCfg = Debug|Win32
		{D76FAEE2-0B67-493B-B494-2C5FB20AA14C}.Debug|OpenGL_32.Build.0 = Debug|Win32
		{D76FAEE2-0B67-493B-B494-2C5FB20AA14C}.Release|Direct3D_64.ActiveCfg = Release|x64
		{D76FAEE2-0B67-493B-B494-2C5FB20AA14C}.Release|Direct3D_64.Build.0 = Release|x64
		{D76FAEE2-0B67-493B-B494-2C5FB20AA14C}.Release|OpenGL_32.ActiveCfg = Release|Win32
		{D76FAEE2-0B67-493B-B494-2C5FB20AA14C}.Release|OpenGL_32.Build.0 = Release|Win32
		{B6BC0082-C4EF-4B54-9247-6C5FF414FF2A}.Debug|Direct3D_64.ActiveCfg = Debug|x64
		{B6BC0082-C4EF-4B54-9247-6C5FF414FF2A}.Debug|OpenGL_32.ActiveCfg = Debug|Win32
		{B6BC0082-C4EF-4B54-9247-6C5FF414FF2A}.Debug|OpenGL_32.Build.0 = Debug|Win32
		{B6BC0082-C4EF-4B54-9247-6C5FF414FF2A}.Release|Direct3D_64.ActiveCfg = Release|x64
		{B6BC0082-C4EF-4B54-9247-6C5FF414FF2A}.Release|OpenGL_32.ActiveCfg = Release|Win32
		{B6BC0082-C4EF-4B54-9247-6C5FF414FF2A}.Release|OpenGL_32.Build.0 = Release|Win32
		{C64DA4D1-260F-4A2E-A575-773930EC83FF}.Debug|Direct3D_64.ActiveCfg = Debug|x64
		{C64DA4D1-260F-4A2E-A575-773930EC83FF}.Debug|Direct3D_64.Build.0 = Debug|x64
		{C64DA4D1-260F-4A2E-A575-773930EC83FF}.Debug|OpenGL_32.ActiveCfg = Debug|Win32
		{C64DA4D1-260F-4A2E-A575-773930EC83FF}.Debug|OpenGL_32.Build.0 = Debug|Win32
		{C64DA4D1-260F-4A2E-A575-773930EC83FF}.Release|Direct3D_64.ActiveCfg = Release|x64
		{C64DA4D1-260F-4A2E-A575-773930EC83FF}.Release|Direct3D_64.Build.0 = Release|x64
		{C64DA4D1-260F-4A2E-A575-773930EC83FF}.Release|OpenGL_32.ActiveCfg = Release|Win32
		{C64DA4D1-260F-4A2E-A575-773930EC83FF}.Release|OpenGL_32.Build.0 = Release|Win32
		{45CDCFF0-7F57-457F-9706-C3C15E7EA597}.Debug|Direct3D_64.ActiveCfg = Debug|x64
		{45CDCFF0-7F57-457F-9706-C3C15E7EA597}.Debug|Direct3D_64.Build.0 = Debug|x64
		{45CDCFF0-7F57-457F-9706-C3C15E7EA597}.Debug|OpenGL_32.ActiveCfg = Debug|Win32
		{45CDCFF0-7F57-457F-9706-C3C15E7EA597}.Debug|OpenGL_32.Build.0 = Debug|Win32
		{45CDCFF0-7F57-457F-9706-C3C15E7EA597}.Release|Direct3D_64.ActiveCfg = Release|x64
		{45CDCFF0-7F57-457F-9706-C3C15E7EA597}.Release|Direct3D_64.Build.0 = Release|x64
		{45CDCFF0-7F57-457F-9706-C3C15E7EA597}.Release|OpenGL_32.ActiveCfg = Release|Win32
		{45CDCFF0-7F57-457F-9706-C3C15E7EA597}.Release|OpenGL_32.Build.0 = Release|Win32
		{393119AF-5F33-4130-9BE8-8A59EEBED07E}.Debug|Direct3D_64.ActiveCfg = Debug|x64
		{393119AF-5F33-4130-9BE8-8A59EEBED07E}.Debug|Direct3D_64.Build.0 = Debug|x64
		{393119AF-5F33-4130-9BE8-8A59EEBED07E}.Debug|OpenGL_32.ActiveCfg = Debug|Win32
		{393119AF-5F33-4130-9BE8-8A59EEBED07E}.Debug|OpenGL_32.Build.0 = Debug|Win32
		{393119AF-5F33-4130-9BE8-8A59EEBED07E}.Release|Direct3D_64.ActiveCfg = Release|x64
		{393119AF-5F33-4130-9BE8-8A59EEBED07E}.Release|Direct3D_64.Build.0 = Release|x64
		{393119AF-5F33-4130-9BE8-8A59EEBED07E}.Release|OpenGL_32.ActiveCfg = Release|Win32
		{393119AF-5F33-4130-9BE8-8A59EEBED07E}.Release|OpenGL_32.Build.0 = Release|Win32
		{9653A255-0309-403F-9193-DE569343011F}.Debug|Direct3D_64.ActiveCfg = Debug|x64
		{9653A255-0309-403F-9193-DE569343011F}.Debug|Direct3D_64.Build.0 = Debug|x64
		{9653A255-0309-403F-9193-DE569343011F}.Debug|OpenGL_32.ActiveCfg = Debug|Win32
		{9653A255-0309-403F-9193-DE569343011F}.Debug|OpenGL_32.Build.0 = Debug|Win32
		{9653A255-0309-403F-9193-DE569343011F}.Release|Direct3D_64.ActiveCfg = Release|x64
		{9653A255-0309-403F-9193-DE569343011F}.Release|Direct3D_64.Build.0 = Release|x64
		{9653A255-0309-403F-9193-DE569343011F}.Release|OpenGL_32.ActiveCfg = Release|Win32
		{9653A255-0309-403F-9193-DE569343011F}.Release|OpenGL_32.Build.0 = Release|Win32
		{5F8004A7-75AD-49AC-85C7-96D9B9F19533}.Debug|Direct3D_64.ActiveCfg = Debug|x64
		{5F8004A7-75AD-49AC-85C7-96D9B9F19533}.Debug|Direct3D_64.Build.0 = Debug|x64
		{5F8004A7-75AD-49AC-85C7-96D9B9F19533}.Debug|OpenGL_32.ActiveCfg = Debug|Win32
		{5F8004A7-75AD-49AC-85C7-96D9B9F19533}.Debug|OpenGL_32.Build.0 = Debug|Win32
		{5F8004A7-75AD-49AC-85C7-96D9B9F19533}.Release|Direct3D_64.ActiveCfg = Release|x64
		{5F8004A7-75AD-49AC-85C7-96D9B9F19533}.Release|Direct3D_64.Build.0 = Release|x64
		{5F8004A7-75AD-49AC-85C7-96D9B9F19533}.Release|OpenGL_32.ActiveCfg = Release|Win32
		{5F8004A7-75AD-49AC-85C7-96D9B9F19533}.Release|OpenGL_32.Build.0 = Release|Win32
		{C9BDAC7C-C59A-4367-A21D-0FEDABB93012}.Debug|Direct3D_64.ActiveCfg = Debug|x64
		{C9BDAC7C-C59A-4367-A21D-0FEDABB93012}.Debug|Direct3D_64.Build.0 = Debug|x64
		{C9BDAC7C-C59A-4367-A21D-0FEDABB93012}.Debug|OpenGL_32.ActiveCfg = Debug|Win32
		{C9BDAC7C-C59A-4367-A21D-0FEDABB93012}.Debug|OpenGL_32.Build.0 = Debug|Win32
		{C9BDAC7C-C59A-4367-A21D-0FEDABB93012}.Release|Direct3D_64.ActiveCfg = Release|x64
		{C9BDAC7C-C59A-4367-A21D-0FEDABB93012}.Release|Direct3D_64.Build.0 = Release|x64
		{C9BDAC7C-C59A-4367-A21D-0FEDABB93012}.Release|OpenGL_32.ActiveCfg = Release|Win32
		{C9BDAC7C-C59A-4367-A21D-0FEDABB93012}.Release|OpenGL_32.Build.0 = Release|Win32
		{F2A9C830-50D2-4D50-B8DF-BC80C8F19BBC}.Debug|Direct3D_64.ActiveCfg = Debug|x64
		{F2A9C830-50D2-4D50-B8DF-BC80C8F19BBC}.Debug|Direct3D_64.Build.0 = Debug|x64
		{F2A9C830-50D2-4D50-B8DF-BC80C8F19BBC}.Debug|OpenGL_32.ActiveCfg = Debug|Win32
		{F2A9C830-50D2-4D50-B8DF-BC80C8F19BBC}.Debug|OpenGL_32.Build.0 = Debug|Win32
		{F2A9C830-50D2-4D50-B8DF-BC80C8F19BBC}.Release|Direct3D_64.ActiveCfg = Release|x64
		{F2A9C830-50D2-4D50-B8DF-BC80C8F19BBC}.Release|Direct3D_64.Build.0 = Release|x64
		{F2A9C830-50D2-4D50-B8DF-BC80C8F19BBC}.Release|OpenGL_32.ActiveCfg = Release|Win32
		{F2A9C830-50D2-4D50-B8DF-BC80C8F19BBC}.Release|OpenGL_32.Build.0 = Release|Win32
		{06F00F02-D352-44A1-B42B-B5C2CEB2567A}.Debug|Direct3D_64.ActiveCfg = Debug|x64
		{06F00F02-D352-44A1-B42B-B5C2CEB2567A}.Debug|Direct3D_64.Build.0 = Debug|x64
		{06F00F02-D352-44A1-B42B-B5C2CEB2567A}.Debug|OpenGL_32.ActiveCfg = Debug|Win32
		{06F00F02-D352-44A1-B42B-B5C2CEB2567A}.Debug|OpenGL_32.Build.0 = Debug|Win32
		{06F00F02-D352-44A1-B42B-B5C2CEB2567A}.Release|Direct3D_64.ActiveCfg = Release|x64
		{06F00F02-D352-44A1-B42B-B5C2CEB2567A}.Release|Direct3D_64.Build.0 = Release|x64
		{06F00F02-D352-44A1-B42B-B5C2CEB2567A}.Release|OpenGL_32.ActiveCfg = Release|Win32
		{06F00F02-D352-44A1-B42B-B5C2CEB2567A}.Release|OpenGL_32.Build.0 = Release|Win32
		{136761E4-C684-4AFF-BF27-E946FCF006A1}.Debug|Direct3D_64.ActiveCfg = Debug|x64
		{136761E4-C684-4AFF-BF27-E946FCF006A1}.Debug|Direct3D_64.Build.0 = Debug|x64
		{136761E4-C684-4AFF-BF27-E946FCF006A1}.Debug|OpenGL_32.ActiveCfg = Debug|Win32
		{136761E4-C684-4AFF-BF27-E946FCF006A1}.Debug|OpenGL_32.Build.0 = Debug|Win32
		{136761E4-C684-4AFF-BF27-E946FCF006A1}.Release|Direct3D_64.ActiveCfg = Release|x64
		{136761E4-C684-4AFF-BF27-E946FCF006A1}.Release|Direct3D_64.Build.0 = Release|x64
		{136761E4-C684-4AFF-BF27-E946FCF006A1}.Release|OpenGL_32.ActiveCfg = Release|Win32
		{136761E4-C684-4AFF-BF27-E946FCF006A1}.Release|OpenGL_32.Build.0 = Release|Win32
		{552B2876-037A-4A14-8E5B-D73907DF5322}.Debug|Direct3D_64.ActiveCfg = Debug|x64
		{552B2876-037A-4A14-8E5B-D73907DF5322}.Debug|Direct3D_64.Build.0 = Debug|x64
		{552B2876-037A-4A14-8E5B-D73907DF5322}.Debug|OpenGL_32.ActiveCfg = Debug|Win32
		{552B2876-037A-4A14-8E5B-D73907DF5322}.Debug|OpenGL_32.Build.0 = Debug|Win32
		{552B2876-037A-4A14-8E5B-D73907DF5322}.Release|Direct3D_64.ActiveCfg = Release|x64
		{552B2876-037A-4A14-8E5B-D73907DF5322}.Release|Direct3D_64.Build.0 = Release|x64
		{552B2876-037A-4A14-8E5B-D73907DF5322}.Release|OpenGL_32.ActiveCfg = Release|Win32
		{552B2876-037A-4A14-8E5B-D73907DF5322}.Release|OpenGL_32.Build.0 = Release|Win32
		{3483BCE9-B82C-469A-A530-C2A452E914B5}.Debug|Direct3D_64.ActiveCfg = Debug|x64
		{3483BCE9-B82C-469A-A530-C2A452E914B5}.Debug|Direct3D_64.Build.0 = Debug|x64
		{3483BCE9-B82C-469A-A530-C2A452E914B5}.Debug|OpenGL_32.ActiveCfg = Debug|Win32
		{3483BCE9-B82C-469A-A530-C2A452E914B5}.Debug|OpenGL_32.Build.0 = Debug|Win32
		{3483BCE9-B82C-469A-A530-C2A452E914B5}.Release|Direct3D_64.ActiveCfg = Release|x64
		{3483BCE9-B82C-469A-A530-C2A452E914B5}.Release|Direct3D_64.Build.0 = Release|x64
		{3483BCE9-B82C-469A-A530-C2A452E914B5}.Release|OpenGL_32.ActiveCfg = Release|Win32
		{3483BCE9-B82C-469A-A530-C2A452E914B5}.Release|OpenGL_32.Build.0 = Release|Win32
		{F162A9A9-D400-4340-B73A-69F3D0F490BA}.Debug|Direct3D_64.ActiveCfg = Debug|x64
		{F162A9A9-D400-4340-B73A-69F3D0F490BA}.Debug|Direct3D_64.Build.0 = Debug|x64
		{F162A9A9-D400-4340-B73A-69F3D0F490BA}.Debug|OpenGL_32.ActiveCfg = Debug|Win32
		{F162A9A9-D400-4340-B73A-69F3D0F490BA}.Debug|OpenGL_32.Build.0 = Debug|Win32
		{F162A9A9-D400-4340-B73A-69F3D0F490BA}.Release|Direct3D_64.ActiveCfg = Release|x64
		{F162A9A9-D400-4340-B73A-69F3D0F490BA}.Release|Direct3D_64.Build.0 = Release|x64
		{F162A9A9-D400-4340-B73A-69F3D0F490BA}.Release|OpenGL_32.ActiveCfg = Release|Win32
		{F162A9A9-D400-4340-B73A-69F3D0F490BA}.Release|OpenGL_32.Build.0 = Release|Win32
		{23700FFB-D869-485A-9E50-C5E91D56F0C5}.Debug|Direct3D_64.ActiveCfg = Debug|x64
		{23700FFB-D869-485A-9E50-C5E91D56F0C5}.Debug|Direct3D_64.Build.0 = Debug|x64
		{23700FFB-D869-485A-9E50-C5E91D56F0C5}.Debug|OpenGL_32.ActiveCfg = Debug|Win32
		{23700FFB-D869-485A-9E50-C5E91D56F0C5}.Debug|OpenGL_32.Build.0 = Debug|Win32
		{23700FFB-D869-485A-9E50-C5E91D56F0C5}.Release|Direct3D_64.ActiveCfg = Release|x64
		{23700FFB-D869-485A-9E50-C5E91D56F0C5}.Release|Direct3D_64.Build.0 = Release|x64
		{23700FFB-D869-485A-9E50-C5E91D56F0C5}.Release|OpenGL_32.ActiveCfg = Release|Win32
		{23700FFB-D869-485A-9E50-C5E91D56F0C5}.Release|OpenGL_32.Build.0 = Release|Win32
		{4228BC52-904F-4BA2-B78E-7BCB85068A82}.Debug|Direct3D_64.ActiveCfg = Debug|x64
		{4228BC52-904F-4BA2-B78E-7BCB85068A82}.Debug|OpenGL_32.ActiveCfg = Debug|Win32
		{4228BC52-904F-4BA2-B78E-7BCB85068A82}.Debug|OpenGL_32.Build.0 = Debug|Win32
		{4228BC52-904F-4BA2-B78E-7BCB85068A82}.Release|Direct3D_64.ActiveCfg = Release|x64
		{4228BC52-904F-4BA2-B78E-7BCB85068A82}.Release|OpenGL_32.ActiveCfg = Release|Win32
		{4228BC52-904F-4BA2-B78E-7BCB85068A82}.Release|OpenGL_32.Build.0 = Release|Win32
		{EC809270-CE46-4204-A0F7-F88A6A4732E9}.Debug|Direct3D_64.ActiveCfg = Debug|x64
		{EC809270-CE46-4204-A0F7-F88A6A4732E9}.Debug|Direct3D_64.Build.0 = Debug|x64
		{EC809270-CE46-4204-A0F7-F88A6A4732E9}.Debug|OpenGL_32.ActiveCfg = Debug|Win32
		{EC809270-CE46-4204-A0F7-F88A6A4732E9}.Debug|OpenGL_32.Build.0 = Debug|Win32
		{EC809270-CE46-4204-A0F7-F88A6A4732E9}.Release|Direct3D_64.ActiveCfg = Release|x64
		{EC809270-CE46-4204-A0F7-F88A6A4732E9}.Release|Direct3D_64.Build.0 = Release|x64
		{EC809270-CE46-4204-A0F7-F88A6A4732E9}.Release|OpenGL_32.ActiveCfg = Release|Win32
		{EC809270-CE46-4204-A0F7-F88A6A4732E9}.Release|OpenGL_32.Build.0 = Release|Win32
		{70B81970-5665-4429-B2B2-7F6FCED5AB84}.Debug|Direct3D_64.ActiveCfg = Debug|x64
		{70B81970-5665-4429-B2B2-7F6FCED5AB84}.Debug|Direct3D_64.Build.0 = Debug|x64
		{70B81970-5665-4429-B2B2-7F6FCED5AB84}.Debug|OpenGL_32.ActiveCfg = Debug|x64
		{70B81970-5665-4429-B2B2-7F6FCED5AB84}.Debug|OpenGL_32.Build.0 = Debug|x64
		{70B81970-5665-4429-B2B2-7F6FCED5AB84}.Release|Direct3D_64.ActiveCfg = Release|x64
		{70B81970-5665-4429-B2B2-7F6FCED5AB84}.Release|Direct3D_64.Build.0 = Release|x64
		{70B81970-5665-4429-B2B2-7F6FCED5AB84}.Release|OpenGL_32.ActiveCfg = Release|x64
		{70B81970-5665-4429-B2B2-7F6FCED5AB84}.Release|OpenGL_32.Build.0 = Release|x64
		{C34A946C-CF1D-481D-957C-6F6F47C371AE}.Debug|Direct3D_64.ActiveCfg = Debug|x64
		{C34A946C-CF1D-481D-957C-6F6F47C371AE}.Debug|Direct3D_64.Build.0 = Debug|x64
		{C34A946C-CF1D-481D-957C-6F6F47C371AE}.Debug|OpenGL_32.ActiveCfg = Debug|Win32
		{C34A946C-CF1D-481D-957C-6F6F47C371AE}.Debug|OpenGL_32.Build.0 = Debug|Win32
		{C34A946C-CF1D-481D-957C-6F6F47C371AE}.Release|Direct3D_64.ActiveCfg = Release|x64
		{C34A946C-CF1D-481D-957C-6F6F47C371AE}.Release|Direct3D_64.Build.0 = Release|x64
		{C34A946C-CF1D-481D-957C-6F6F47C371AE}.Release|OpenGL_32.ActiveCfg = Release|Win32
		{C34A946C-CF1D-481D-957C-6F6F47C371AE}.Release|OpenGL_32.Build.0 = Release|Win32
		{DE18299E-57DD-420A-9219-31BCCE5A5BC0}.Debug|Direct3D_64.ActiveCfg = Debug|x64
		{DE18299E-57DD-420A-9219-31BCCE5A5BC0}.Debug|Direct3D_64.Build.0 = Debug|x64
		{DE18299E-57DD-420A-9219-31BCCE5A5BC0}.Debug|OpenGL_32.ActiveCfg = Debug|Win32
		{DE18299E-57DD-420A-9219-31BCCE5A5BC0}.Debug|OpenGL_32.Build.0 = Debug|Win32
		{DE18299E-57DD-420A-9219-31BCCE5A5BC0}.Release|Direct3D_64.ActiveCfg = Release|x64
		{DE18299E-57DD-420A-9219-31BCCE5A5BC0}.Release|Direct3D_64.Build.0 = Release|x64
		{DE18299E-57DD-420A-9219-31BCCE5A5BC0}.Release|OpenGL_32.ActiveCfg = Release|Win32
		{DE18299E-57DD-420A-9219-31BCCE5A5BC0}.Release|OpenGL_32.Build.0 = Release|Win32
	EndGlobalSection
	GlobalSection(SolutionProperties) = preSolution
		HideSolutionNode = FALSE
	EndGlobalSection
	GlobalSection(NestedProjects) = preSolution
		{ABF804FE-993A-43E2-A242-F3090A290B12} = {780242E9-8A4D-459F-AB78-8896682DB2FE}
		{3670C64E-AAA0-4056-BF89-744D0276F609} = {AA7FF5B2-9A86-4FB2-BE21-20FF77F43ACE}
		{86E57B4C-6BB4-4F1D-A8EE-F5E9E202A415} = {AA7FF5B2-9A86-4FB2-BE21-20FF77F43ACE}
		{4118D0C9-F093-4215-A90F-CAED708C1989} = {45A74DD3-5237-4AD6-8DD3-1B9AE4692CE2}
		{D76FAEE2-0B67-493B-B494-2C5FB20AA14C} = {45A74DD3-5237-4AD6-8DD3-1B9AE4692CE2}
		{B6BC0082-C4EF-4B54-9247-6C5FF414FF2A} = {AA2F2595-10B7-4B01-9FA7-4CE3FE3CBE68}
		{C64DA4D1-260F-4A2E-A575-773930EC83FF} = {45A74DD3-5237-4AD6-8DD3-1B9AE4692CE2}
		{C2C001F0-B68B-470A-A20E-C7723B2F0114} = {AA2F2595-10B7-4B01-9FA7-4CE3FE3CBE68}
		{45CDCFF0-7F57-457F-9706-C3C15E7EA597} = {C2C001F0-B68B-470A-A20E-C7723B2F0114}
		{393119AF-5F33-4130-9BE8-8A59EEBED07E} = {C2C001F0-B68B-470A-A20E-C7723B2F0114}
		{9653A255-0309-403F-9193-DE569343011F} = {C2C001F0-B68B-470A-A20E-C7723B2F0114}
		{5F8004A7-75AD-49AC-85C7-96D9B9F19533} = {780242E9-8A4D-459F-AB78-8896682DB2FE}
		{C9BDAC7C-C59A-4367-A21D-0FEDABB93012} = {780242E9-8A4D-459F-AB78-8896682DB2FE}
		{F2A9C830-50D2-4D50-B8DF-BC80C8F19BBC} = {780242E9-8A4D-459F-AB78-8896682DB2FE}
		{6900D6FF-B904-46AA-BF20-8386872240D6} = {45A74DD3-5237-4AD6-8DD3-1B9AE4692CE2}
		{06F00F02-D352-44A1-B42B-B5C2CEB2567A} = {6900D6FF-B904-46AA-BF20-8386872240D6}
		{136761E4-C684-4AFF-BF27-E946FCF006A1} = {6900D6FF-B904-46AA-BF20-8386872240D6}
		{552B2876-037A-4A14-8E5B-D73907DF5322} = {6900D6FF-B904-46AA-BF20-8386872240D6}
		{3483BCE9-B82C-469A-A530-C2A452E914B5} = {6900D6FF-B904-46AA-BF20-8386872240D6}
		{F162A9A9-D400-4340-B73A-69F3D0F490BA} = {6900D6FF-B904-46AA-BF20-8386872240D6}
		{23700FFB-D869-485A-9E50-C5E91D56F0C5} = {780242E9-8A4D-459F-AB78-8896682DB2FE}
		{4228BC52-904F-4BA2-B78E-7BCB85068A82} = {AA2F2595-10B7-4B01-9FA7-4CE3FE3CBE68}
		{EC809270-CE46-4204-A0F7-F88A6A4732E9} = {780242E9-8A4D-459F-AB78-8896682DB2FE}
		{70B81970-5665-4429-B2B2-7F6FCED5AB84} = {780242E9-8A4D-459F-AB78-8896682DB2FE}
		{C34A946C-CF1D-481D-957C-6F6F47C371AE} = {780242E9-8A4D-459F-AB78-8896682DB2FE}
		{DE18299E-57DD-420A-9219-31BCCE5A5BC0} = {780242E9-8A4D-459F-AB78-8896682DB2FE}
	EndGlobalSection
EndGlobal
